{
  "name": "produirelang",
  "version": "0.0.4",
  "lockfileVersion": 2,
  "requires": true,
  "packages": {
    "": {
      "name": "produirelang",
      "version": "0.0.4",
      "hasInstallScript": true,
      "license": "MIT",
      "dependencies": {
        "vscode-languageclient": "~3.5.1"
      },
      "devDependencies": {
        "@types/mocha": "^10.0.7",
        "@types/node": "^22.1.0",
        "@types/vscode": "^1.92.0",
        "typescript": "^5.5.4"
      },
      "engines": {
        "vscode": "^1.92.0"
      }
    },
    "node_modules/@types/mocha": {
      "version": "10.0.7",
      "resolved": "https://registry.npmjs.org/@types/mocha/-/mocha-10.0.7.tgz",
      "integrity": "sha512-GN8yJ1mNTcFcah/wKEFIJckJx9iJLoMSzWcfRRuxz/Jk+U6KQNnml+etbtxFK8lPjzOw3zp4Ha/kjSst9fsHYw==",
      "dev": true
    },
    "node_modules/@types/node": {
      "version": "22.2.0",
      "resolved": "https://registry.npmjs.org/@types/node/-/node-22.2.0.tgz",
      "integrity": "sha512-bm6EG6/pCpkxDf/0gDNDdtDILMOHgaQBVOJGdwsqClnxA3xL6jtMv76rLBc006RVMWbmaf0xbmom4Z/5o2nRkQ==",
      "dev": true,
      "dependencies": {
        "undici-types": "~6.13.0"
      }
    },
    "node_modules/@types/vscode": {
      "version": "1.92.0",
      "resolved": "https://registry.npmjs.org/@types/vscode/-/vscode-1.92.0.tgz",
      "integrity": "sha512-DcZoCj17RXlzB4XJ7IfKdPTcTGDLYvTOcTNkvtjXWF+K2TlKzHHkBEXNWQRpBIXixNEUgx39cQeTFunY0E2msw==",
      "dev": true
    },
    "node_modules/typescript": {
      "version": "5.5.4",
      "resolved": "https://registry.npmjs.org/typescript/-/typescript-5.5.4.tgz",
      "integrity": "sha512-Mtq29sKDAEYP7aljRgtPOpTvOfbwRWlS6dPRzwjdE+C0R4brX/GUyhHSecbHMFLNBLcJIPt9nl9yG5TZ1weH+Q==",
      "dev": true,
      "bin": {
        "tsc": "bin/tsc",
        "tsserver": "bin/tsserver"
      },
      "engines": {
        "node": ">=14.17"
      }
    },
    "node_modules/undici-types": {
      "version": "6.13.0",
      "resolved": "https://registry.npmjs.org/undici-types/-/undici-types-6.13.0.tgz",
      "integrity": "sha512-xtFJHudx8S2DSoujjMd1WeWvn7KKWFRESZTMeL1RptAYERu29D6jphMjjY+vn96jvN3kVPDNxU/E13VTaXj6jg==",
      "dev": true
    },
    "node_modules/vscode-jsonrpc": {
      "version": "3.5.0",
      "resolved": "https://registry.npmjs.org/vscode-jsonrpc/-/vscode-jsonrpc-3.5.0.tgz",
      "integrity": "sha512-LeE9LS1IOIRDZy5Xugrbk2tKeMa64vkRODrXPZbwyn2l/Q0e/jyYq8ze/Lo96sjOFiRe3HHbTVN39Ta8KN2RpA==",
      "engines": {
        "node": ">=4.0.0 || >=6.0.0"
      }
    },
    "node_modules/vscode-languageclient": {
      "version": "3.5.1",
      "resolved": "https://registry.npmjs.org/vscode-languageclient/-/vscode-languageclient-3.5.1.tgz",
      "integrity": "sha512-GTQ+hSq/o4c/y6GYmyP9XNrVoIu0NFZ67KltSkqN+tO0eUNDIlrVNX+3DJzzyLhSsrctuGzuYWm3t87mNAcBmQ==",
      "dependencies": {
        "vscode-languageserver-protocol": "3.5.1"
      },
      "engines": {
        "vscode": "^1.15"
      }
    },
    "node_modules/vscode-languageserver-protocol": {
      "version": "3.5.1",
      "resolved": "https://registry.npmjs.org/vscode-languageserver-protocol/-/vscode-languageserver-protocol-3.5.1.tgz",
      "integrity": "sha512-1fPDIwsAv1difCV+8daOrJEGunClNJWqnUHq/ncWrjhitKWXgGmRCjlwZ3gDUTt54yRcvXz1PXJDaRNvNH6pYA==",
      "dependencies": {
        "vscode-jsonrpc": "3.5.0",
        "vscode-languageserver-types": "3.5.0"
      }
    },
    "node_modules/vscode-languageserver-types": {
      "version": "3.5.0",
      "resolved": "https://registry.npmjs.org/vscode-languageserver-types/-/vscode-languageserver-types-3.5.0.tgz",
      "integrity": "sha512-D4rUfu/oKYdc9Tmec0nEfedj+uXO2tZHR+eoHs9rE9G/QpRyZaHuug8ZUNGTGdO+ALLGgenL6bRpY8y3J9acHg=="
    }
  },
  "dependencies": {
    "@types/mocha": {
      "version": "10.0.7",
      "resolved": "https://registry.npmjs.org/@types/mocha/-/mocha-10.0.7.tgz",
      "integrity": "sha512-GN8yJ1mNTcFcah/wKEFIJckJx9iJLoMSzWcfRRuxz/Jk+U6KQNnml+etbtxFK8lPjzOw3zp4Ha/kjSst9fsHYw==",
      "dev": true
    },
    "@types/node": {
      "version": "22.2.0",
      "resolved": "https://registry.npmjs.org/@types/node/-/node-22.2.0.tgz",
      "integrity": "sha512-bm6EG6/pCpkxDf/0gDNDdtDILMOHgaQBVOJGdwsqClnxA3xL6jtMv76rLBc006RVMWbmaf0xbmom4Z/5o2nRkQ==",
      "dev": true,
      "requires": {
        "undici-types": "~6.13.0"
      }
    },
    "@types/vscode": {
      "version": "1.92.0",
      "resolved": "https://registry.npmjs.org/@types/vscode/-/vscode-1.92.0.tgz",
      "integrity": "sha512-DcZoCj17RXlzB4XJ7IfKdPTcTGDLYvTOcTNkvtjXWF+K2TlKzHHkBEXNWQRpBIXixNEUgx39cQeTFunY0E2msw==",
      "dev": true
    },
    "typescript": {
      "version": "5.5.4",
      "resolved": "https://registry.npmjs.org/typescript/-/typescript-5.5.4.tgz",
      "integrity": "sha512-Mtq29sKDAEYP7aljRgtPOpTvOfbwRWlS6dPRzwjdE+C0R4brX/GUyhHSecbHMFLNBLcJIPt9nl9yG5TZ1weH+Q==",
      "dev": true
    },
    "undici-types": {
      "version": "6.13.0",
      "resolved": "https://registry.npmjs.org/undici-types/-/undici-types-6.13.0.tgz",
      "integrity": "sha512-xtFJHudx8S2DSoujjMd1WeWvn7KKWFRESZTMeL1RptAYERu29D6jphMjjY+vn96jvN3kVPDNxU/E13VTaXj6jg==",
      "dev": true
    },
    "vscode-jsonrpc": {
      "version": "3.5.0",
      "resolved": "https://registry.npmjs.org/vscode-jsonrpc/-/vscode-jsonrpc-3.5.0.tgz",
      "integrity": "sha512-LeE9LS1IOIRDZy5Xugrbk2tKeMa64vkRODrXPZbwyn2l/Q0e/jyYq8ze/Lo96sjOFiRe3HHbTVN39Ta8KN2RpA=="
    },
    "vscode-languageclient": {
      "version": "3.5.1",
      "resolved": "https://registry.npmjs.org/vscode-languageclient/-/vscode-languageclient-3.5.1.tgz",
      "integrity": "sha512-GTQ+hSq/o4c/y6GYmyP9XNrVoIu0NFZ67KltSkqN+tO0eUNDIlrVNX+3DJzzyLhSsrctuGzuYWm3t87mNAcBmQ==",
      "requires": {
        "vscode-languageserver-protocol": "3.5.1"
      }
    },
    "vscode-languageserver-protocol": {
      "version": "3.5.1",
      "resolved": "https://registry.npmjs.org/vscode-languageserver-protocol/-/vscode-languageserver-protocol-3.5.1.tgz",
      "integrity": "sha512-1fPDIwsAv1difCV+8daOrJEGunClNJWqnUHq/ncWrjhitKWXgGmRCjlwZ3gDUTt54yRcvXz1PXJDaRNvNH6pYA==",
      "requires": {
        "vscode-jsonrpc": "3.5.0",
        "vscode-languageserver-types": "3.5.0"
      }
    },
    "vscode-languageserver-types": {
      "version": "3.5.0",
      "resolved": "https://registry.npmjs.org/vscode-languageserver-types/-/vscode-languageserver-types-3.5.0.tgz",
      "integrity": "sha512-D4rUfu/oKYdc9Tmec0nEfedj+uXO2tZHR+eoHs9rE9G/QpRyZaHuug8ZUNGTGdO+ALLGgenL6bRpY8y3J9acHg=="
    }
  }
}
